
Microsoft Visual Studio Solution File, Format Version 12.00
Project("{FAE04EC0-301F-11D3-BF4B-00C04F79EFBC}") = "WebAPI", "WebAPI\WebAPI.csproj", "{4F2E873D-5C23-44BC-9B10-A076D99CF33A}"
EndProject
Project("{FAE04EC0-301F-11D3-BF4B-00C04F79EFBC}") = "Application", "Application\Application.csproj", "{A6A790AD-AE41-44B9-87F2-A6E5720B25D1}"
EndProject
Project("{FAE04EC0-301F-11D3-BF4B-00C04F79EFBC}") = "Domain", "Domain\Domain.csproj", "{7AA78541-9310-40CB-9C2B-023F372296C3}"
EndProject
Project("{FAE04EC0-301F-11D3-BF4B-00C04F79EFBC}") = "Infrastructure", "Infrastructure\Infrastructure.csproj", "{F4B9ACA3-2323-4F49-94AF-E8A3FE373304}"
EndProject
Global
	GlobalSection(SolutionConfigurationPlatforms) = preSolution
		Debug|Any CPU = Debug|Any CPU
		Release|Any CPU = Release|Any CPU
	EndGlobalSection
	GlobalSection(ProjectConfigurationPlatforms) = postSolution
		{4F2E873D-5C23-44BC-9B10-A076D99CF33A}.Debug|Any CPU.ActiveCfg = Debug|Any CPU
		{4F2E873D-5C23-44BC-9B10-A076D99CF33A}.Debug|Any CPU.Build.0 = Debug|Any CPU
		{4F2E873D-5C23-44BC-9B10-A076D99CF33A}.Release|Any CPU.ActiveCfg = Release|Any CPU
		{4F2E873D-5C23-44BC-9B10-A076D99CF33A}.Release|Any CPU.Build.0 = Release|Any CPU
		{A6A790AD-AE41-44B9-87F2-A6E5720B25D1}.Debug|Any CPU.ActiveCfg = Debug|Any CPU
		{A6A790AD-AE41-44B9-87F2-A6E5720B25D1}.Debug|Any CPU.Build.0 = Debug|Any CPU
		{A6A790AD-AE41-44B9-87F2-A6E5720B25D1}.Release|Any CPU.ActiveCfg = Release|Any CPU
		{A6A790AD-AE41-44B9-87F2-A6E5720B25D1}.Release|Any CPU.Build.0 = Release|Any CPU
		{7AA78541-9310-40CB-9C2B-023F372296C3}.Debug|Any CPU.ActiveCfg = Debug|Any CPU
		{7AA78541-9310-40CB-9C2B-023F372296C3}.Debug|Any CPU.Build.0 = Debug|Any CPU
		{7AA78541-9310-40CB-9C2B-023F372296C3}.Release|Any CPU.ActiveCfg = Release|Any CPU
		{7AA78541-9310-40CB-9C2B-023F372296C3}.Release|Any CPU.Build.0 = Release|Any CPU
		{F4B9ACA3-2323-4F49-94AF-E8A3FE373304}.Debug|Any CPU.ActiveCfg = Debug|Any CPU
		{F4B9ACA3-2323-4F49-94AF-E8A3FE373304}.Debug|Any CPU.Build.0 = Debug|Any CPU
		{F4B9ACA3-2323-4F49-94AF-E8A3FE373304}.Release|Any CPU.ActiveCfg = Release|Any CPU
		{F4B9ACA3-2323-4F49-94AF-E8A3FE373304}.Release|Any CPU.Build.0 = Release|Any CPU
	EndGlobalSection
EndGlobal
